
Microsoft Visual Studio Solution File, Format Version 12.00
# Visual Studio 2013
VisualStudioVersion = 12.0.30723.0
MinimumVisualStudioVersion = 10.0.40219.1
Project("{FAE04EC0-301F-11D3-BF4B-00C04F79EFBC}") = "api참고자료", "api참고자료\api참고자료.csproj", "{93B0EC2A-58CE-4E78-B007-2E81B80FE756}"
EndProject
Global
	GlobalSection(SolutionConfigurationPlatforms) = preSolution
		Debug|Any CPU = Debug|Any CPU
		Release|Any CPU = Release|Any CPU
	EndGlobalSection
	GlobalSection(ProjectConfigurationPlatforms) = postSolution
		{93B0EC2A-58CE-4E78-B007-2E81B80FE756}.Debug|Any CPU.ActiveCfg = Debug|Any CPU
		{93B0EC2A-58CE-4E78-B007-2E81B80FE756}.Debug|Any CPU.Build.0 = Debug|Any CPU
		{93B0EC2A-58CE-4E78-B007-2E81B80FE756}.Release|Any CPU.ActiveCfg = Release|Any CPU
		{93B0EC2A-58CE-4E78-B007-2E81B80FE756}.Release|Any CPU.Build.0 = Release|Any CPU
	EndGlobalSection
	GlobalSection(SolutionProperties) = preSolution
		HideSolutionNode = FALSE
	EndGlobalSection
EndGlobal
